
Microsoft Visual Studio Solution File, Format Version 12.00
# Visual Studio Version 17
VisualStudioVersion = 17.8.34316.72
MinimumVisualStudioVersion = 10.0.40219.1
Project("{9A19103F-16F7-4668-BE54-9A1E7A4F7556}") = "HertaProject", "HertaProject\HertaProject.csproj", "{4B97E88C-4510-4B03-B5A5-3E3E234AC7A7}"
EndProject
Project("{FAE04EC0-301F-11D3-BF4B-00C04F79EFBC}") = "HertaProjectDataAccess", "HertaProjectDataAccess\HertaProjectDataAccess.csproj", "{9DDA56D3-F2D6-464F-A3F2-7EAFFEDF9327}"
EndProject
Project("{FAE04EC0-301F-11D3-BF4B-00C04F79EFBC}") = "HertaProjectModels", "HertaProjectModels\HertaProjectModels.csproj", "{37AD47EC-46AA-4629-B65F-980D4ACA3E77}"
EndProject
Project("{FAE04EC0-301F-11D3-BF4B-00C04F79EFBC}") = "HertaProjectUtility", "HertaProjectUtility\HertaProjectUtility.csproj", "{2A56A43C-4793-4F3D-8592-63E0E63A40E4}"
EndProject
Global
	GlobalSection(SolutionConfigurationPlatforms) = preSolution
		Debug|Any CPU = Debug|Any CPU
		Release|Any CPU = Release|Any CPU
	EndGlobalSection
	GlobalSection(ProjectConfigurationPlatforms) = postSolution
		{4B97E88C-4510-4B03-B5A5-3E3E234AC7A7}.Debug|Any CPU.ActiveCfg = Debug|Any CPU
		{4B97E88C-4510-4B03-B5A5-3E3E234AC7A7}.Debug|Any CPU.Build.0 = Debug|Any CPU
		{4B97E88C-4510-4B03-B5A5-3E3E234AC7A7}.Release|Any CPU.ActiveCfg = Release|Any CPU
		{4B97E88C-4510-4B03-B5A5-3E3E234AC7A7}.Release|Any CPU.Build.0 = Release|Any CPU
		{9DDA56D3-F2D6-464F-A3F2-7EAFFEDF9327}.Debug|Any CPU.ActiveCfg = Debug|Any CPU
		{9DDA56D3-F2D6-464F-A3F2-7EAFFEDF9327}.Debug|Any CPU.Build.0 = Debug|Any CPU
		{9DDA56D3-F2D6-464F-A3F2-7EAFFEDF9327}.Release|Any CPU.ActiveCfg = Release|Any CPU
		{9DDA56D3-F2D6-464F-A3F2-7EAFFEDF9327}.Release|Any CPU.Build.0 = Release|Any CPU
		{37AD47EC-46AA-4629-B65F-980D4ACA3E77}.Debug|Any CPU.ActiveCfg = Debug|Any CPU
		{37AD47EC-46AA-4629-B65F-980D4ACA3E77}.Debug|Any CPU.Build.0 = Debug|Any CPU
		{37AD47EC-46AA-4629-B65F-980D4ACA3E77}.Release|Any CPU.ActiveCfg = Release|Any CPU
		{37AD47EC-46AA-4629-B65F-980D4ACA3E77}.Release|Any CPU.Build.0 = Release|Any CPU
		{2A56A43C-4793-4F3D-8592-63E0E63A40E4}.Debug|Any CPU.ActiveCfg = Debug|Any CPU
		{2A56A43C-4793-4F3D-8592-63E0E63A40E4}.Debug|Any CPU.Build.0 = Debug|Any CPU
		{2A56A43C-4793-4F3D-8592-63E0E63A40E4}.Release|Any CPU.ActiveCfg = Release|Any CPU
		{2A56A43C-4793-4F3D-8592-63E0E63A40E4}.Release|Any CPU.Build.0 = Release|Any CPU
	EndGlobalSection
	GlobalSection(SolutionProperties) = preSolution
		HideSolutionNode = FALSE
	EndGlobalSection
	GlobalSection(ExtensibilityGlobals) = postSolution
		SolutionGuid = {E0F10C22-3EB1-4858-BBFE-A1752C28716F}
	EndGlobalSection
EndGlobal
